# This file is automatically @generated by Cargo.
# It is not intended for manual editing.
version = 3

[[package]]
name = "first-fit-verif"
version = "0.1.0"
dependencies = [
 "prusti-contracts",
]

[[package]]
name = "prusti-contracts"
version = "0.1.6"
source = "registry+https://github.com/rust-lang/crates.io-index"
checksum = "9775a28190bfc0dda44516b542082746cb43545016a27f2010cb0433ae668e20"
dependencies = [
 "prusti-contracts-proc-macros",
]

[[package]]
name = "prusti-contracts-proc-macros"
version = "0.1.6"
source = "registry+https://github.com/rust-lang/crates.io-index"
checksum = "dc5a49e19cc2309c2f7babcceeed80dacf3e69c8ebfb03355c76d89a0f1d1ddd"
